
Microsoft Visual Studio Solution File, Format Version 12.00
# Visual Studio Version 16
VisualStudioVersion = 16.0.31613.86
MinimumVisualStudioVersion = 10.0.40219.1
Project("{FAE04EC0-301F-11D3-BF4B-00C04F79EFBC}") = "VirtualSchool.ClientApp", "VirtualSchool.ClientApp\VirtualSchool.ClientApp.csproj", "{DC0D530A-8545-4AAE-8401-57381DC732FE}"
EndProject
Project("{FAE04EC0-301F-11D3-BF4B-00C04F79EFBC}") = "VirtualSchool.ServerApp", "VirtualSchool.ServerApp\VirtualSchool.ServerApp.csproj", "{066FA029-5BAE-497E-B0F6-AEB23241B91B}"
EndProject
Project("{FAE04EC0-301F-11D3-BF4B-00C04F79EFBC}") = "VirtualSchool.Common", "VIrtualSchool.Common\VirtualSchool.Common.csproj", "{EEAFF765-E044-4C2C-B0D8-792361A009DD}"
EndProject
Global
	GlobalSection(SolutionConfigurationPlatforms) = preSolution
		Debug|Any CPU = Debug|Any CPU
		Release|Any CPU = Release|Any CPU
	EndGlobalSection
	GlobalSection(ProjectConfigurationPlatforms) = postSolution
		{DC0D530A-8545-4AAE-8401-57381DC732FE}.Debug|Any CPU.ActiveCfg = Debug|Any CPU
		{DC0D530A-8545-4AAE-8401-57381DC732FE}.Debug|Any CPU.Build.0 = Debug|Any CPU
		{DC0D530A-8545-4AAE-8401-57381DC732FE}.Release|Any CPU.ActiveCfg = Release|Any CPU
		{DC0D530A-8545-4AAE-8401-57381DC732FE}.Release|Any CPU.Build.0 = Release|Any CPU
		{066FA029-5BAE-497E-B0F6-AEB23241B91B}.Debug|Any CPU.ActiveCfg = Debug|Any CPU
		{066FA029-5BAE-497E-B0F6-AEB23241B91B}.Debug|Any CPU.Build.0 = Debug|Any CPU
		{066FA029-5BAE-497E-B0F6-AEB23241B91B}.Release|Any CPU.ActiveCfg = Release|Any CPU
		{066FA029-5BAE-497E-B0F6-AEB23241B91B}.Release|Any CPU.Build.0 = Release|Any CPU
		{EEAFF765-E044-4C2C-B0D8-792361A009DD}.Debug|Any CPU.ActiveCfg = Debug|Any CPU
		{EEAFF765-E044-4C2C-B0D8-792361A009DD}.Debug|Any CPU.Build.0 = Debug|Any CPU
		{EEAFF765-E044-4C2C-B0D8-792361A009DD}.Release|Any CPU.ActiveCfg = Release|Any CPU
		{EEAFF765-E044-4C2C-B0D8-792361A009DD}.Release|Any CPU.Build.0 = Release|Any CPU
	EndGlobalSection
	GlobalSection(SolutionProperties) = preSolution
		HideSolutionNode = FALSE
	EndGlobalSection
	GlobalSection(ExtensibilityGlobals) = postSolution
		SolutionGuid = {101D94DC-AB4B-4890-92B3-A5C6BA92062F}
	EndGlobalSection
EndGlobal
